// !$*UTF8*$!
{
	archiveVersion = 1;
	classes = {
	};
	objectVersion = 46;
	objects = {

/* Begin PBXBuildFile section */
		67C63BC11D66FB8F001A53D4 /* main.m in Sources */ = {isa = PBXBuildFile; fileRef = 67C63BC01D66FB8F001A53D4 /* main.m */; };
		67C63BC41D66FB8F001A53D4 /* AppDelegate.m in Sources */ = {isa = PBXBuildFile; fileRef = 67C63BC31D66FB8F001A53D4 /* AppDelegate.m */; };
		67C63BC71D66FB8F001A53D4 /* ViewController.m in Sources */ = {isa = PBXBuildFile; fileRef = 67C63BC61D66FB8F001A53D4 /* ViewController.m */; };
		67C63BCA1D66FB8F001A53D4 /* Main.storyboard in Resources */ = {isa = PBXBuildFile; fileRef = 67C63BC81D66FB8F001A53D4 /* Main.storyboard */; };
		67C63BCC1D66FB8F001A53D4 /* Assets.xcassets in Resources */ = {isa = PBXBuildFile; fileRef = 67C63BCB1D66FB8F001A53D4 /* Assets.xcassets */; };
		67C63BCF1D66FB8F001A53D4 /* LaunchScreen.storyboard in Resources */ = {isa = PBXBuildFile; fileRef = 67C63BCD1D66FB8F001A53D4 /* LaunchScreen.storyboard */; };
		67C63BDA1D66FB8F001A53D4 /* WeChatSightDemoTests.m in Sources */ = {isa = PBXBuildFile; fileRef = 67C63BD91D66FB8F001A53D4 /* WeChatSightDemoTests.m */; };
		67C63BE51D66FB8F001A53D4 /* WeChatSightDemoUITests.m in Sources */ = {isa = PBXBuildFile; fileRef = 67C63BE41D66FB8F001A53D4 /* WeChatSightDemoUITests.m */; };
/* End PBXBuildFile section */

/* Begin PBXContainerItemProxy section */
		67C63BD61D66FB8F001A53D4 /* PBXContainerItemProxy */ = {
			isa = PBXContainerItemProxy;
			containerPortal = 67C63BB41D66FB8E001A53D4 /* Project object */;
			proxyType = 1;
			remoteGlobalIDString = 67C63BBB1D66FB8E001A53D4;
			remoteInfo = WeChatSightDemo;
		};
		67C63BE11D66FB8F001A53D4 /* PBXContainerItemProxy */ = {
			isa = PBXContainerItemProxy;
			containerPortal = 67C63BB41D66FB8E001A53D4 /* Project object */;
			proxyType = 1;
			remoteGlobalIDString = 67C63BBB1D66FB8E001A53D4;
			remoteInfo = WeChatSightDemo;
		};
/* End PBXContainerItemProxy section */

/* Begin PBXFileReference section */
		67C63BBC1D66FB8E001A53D4 /* WeChatSightDemo.app */ = {isa = PBXFileReference; explicitFileType = wrapper.application; includeInIndex = 0; path = WeChatSightDemo.app; sourceTree = BUILT_PRODUCTS_DIR; };
		67C63BC01D66FB8F001A53D4 /* main.m */ = {isa = PBXFileReference; lastKnownFileType = sourcecode.c.objc; path = main.m; sourceTree = "<group>"; };
		67C63BC21D66FB8F001A53D4 /* AppDelegate.h */ = {isa = PBXFileReference; lastKnownFileType = sourcecode.c.h; path = AppDelegate.h; sourceTree = "<group>"; };
		67C63BC31D66FB8F001A53D4 /* AppDelegate.m */ = {isa = PBXFileReference; lastKnownFileType = sourcecode.c.objc; path = AppDelegate.m; sourceTree = "<group>"; };
		67C63BC51D66FB8F001A53D4 /* ViewController.h */ = {isa = PBXFileReference; lastKnownFileType = sourcecode.c.h; path = ViewController.h; sourceTree = "<group>"; };
		67C63BC61D66FB8F001A53D4 /* ViewController.m */ = {isa = PBXFileReference; lastKnownFileType = sourcecode.c.objc; path = ViewController.m; sourceTree = "<group>"; };
		67C63BC91D66FB8F001A53D4 /* Base */ = {isa = PBXFileReference; lastKnownFileType = file.storyboard; name = Base; path = Base.lproj/Main.storyboard; sourceTree = "<group>"; };
		67C63BCB1D66FB8F001A53D4 /* Assets.xcassets */ = {isa = PBXFileReference; lastKnownFileType = folder.assetcatalog; path = Assets.xcassets; sourceTree = "<group>"; };
		67C63BCE1D66FB8F001A53D4 /* Base */ = {isa = PBXFileReference; lastKnownFileType = file.storyboard; name = Base; path = Base.lproj/LaunchScreen.storyboard; sourceTree = "<group>"; };
		67C63BD01D66FB8F001A53D4 /* Info.plist */ = {isa = PBXFileReference; lastKnownFileType = text.plist.xml; path = Info.plist; sourceTree = "<group>"; };
		67C63BD51D66FB8F001A53D4 /* WeChatSightDemoTests.xctest */ = {isa = PBXFileReference; explicitFileType = wrapper.cfbundle; includeInIndex = 0; path = WeChatSightDemoTests.xctest; sourceTree = BUILT_PRODUCTS_DIR; };
		67C63BD91D66FB8F001A53D4 /* WeChatSightDemoTests.m */ = {isa = PBXFileReference; lastKnownFileType = sourcecode.c.objc; path = WeChatSightDemoTests.m; sourceTree = "<group>"; };
		67C63BDB1D66FB8F001A53D4 /* Info.plist */ = {isa = PBXFileReference; lastKnownFileType = text.plist.xml; path = Info.plist; sourceTree = "<group>"; };
		67C63BE01D66FB8F001A53D4 /* WeChatSightDemoUITests.xctest */ = {isa = PBXFileReference; explicitFileType = wrapper.cfbundle; includeInIndex = 0; path = WeChatSightDemoUITests.xctest; sourceTree = BUILT_PRODUCTS_DIR; };
		67C63BE41D66FB8F001A53D4 /* WeChatSightDemoUITests.m */ = {isa = PBXFileReference; lastKnownFileType = sourcecode.c.objc; path = WeChatSightDemoUITests.m; sourceTree = "<group>"; };
		67C63BE61D66FB8F001A53D4 /* Info.plist */ = {isa = PBXFileReference; lastKnownFileType = text.plist.xml; path = Info.plist; sourceTree = "<group>"; };
/* End PBXFileReference section */

/* Begin PBXFrameworksBuildPhase section */
		67C63BB91D66FB8E001A53D4 /* Frameworks */ = {
			isa = PBXFrameworksBuildPhase;
			buildActionMask = 2147483647;
			files = (
			);
			runOnlyForDeploymentPostprocessing = 0;
		};
		67C63BD21D66FB8F001A53D4 /* Frameworks */ = {
			isa = PBXFrameworksBuildPhase;
			buildActionMask = 2147483647;
			files = (
			);
			runOnlyForDeploymentPostprocessing = 0;
		};
		67C63BDD1D66FB8F001A53D4 /* Frameworks */ = {
			isa = PBXFrameworksBuildPhase;
			buildActionMask = 2147483647;
			files = (
			);
			runOnlyForDeploymentPostprocessing = 0;
		};
/* End PBXFrameworksBuildPhase section */

/* Begin PBXGroup section */
		67C63BB31D66FB8E001A53D4 = {
			isa = PBXGroup;
			children = (
				67C63BBE1D66FB8F001A53D4 /* WeChatSightDemo */,
				67C63BD81D66FB8F001A53D4 /* WeChatSightDemoTests */,
				67C63BE31D66FB8F001A53D4 /* WeChatSightDemoUITests */,
				67C63BBD1D66FB8E001A53D4 /* Products */,
			);
			sourceTree = "<group>";
		};
		67C63BBD1D66FB8E001A53D4 /* Products */ = {
			isa = PBXGroup;
			children = (
				67C63BBC1D66FB8E001A53D4 /* WeChatSightDemo.app */,
				67C63BD51D66FB8F001A53D4 /* WeChatSightDemoTests.xctest */,
				67C63BE01D66FB8F001A53D4 /* WeChatSightDemoUITests.xctest */,
			);
			name = Products;
			sourceTree = "<group>";
		};
		67C63BBE1D66FB8F001A53D4 /* WeChatSightDemo */ = {
			isa = PBXGroup;
			children = (
				67C63BC21D66FB8F001A53D4 /* AppDelegate.h */,
				67C63BC31D66FB8F001A53D4 /* AppDelegate.m */,
				67C63BC51D66FB8F001A53D4 /* ViewController.h */,
				67C63BC61D66FB8F001A53D4 /* ViewController.m */,
				67C63BC81D66FB8F001A53D4 /* Main.storyboard */,
				67C63BCB1D66FB8F001A53D4 /* Assets.xcassets */,
				67C63BCD1D66FB8F001A53D4 /* LaunchScreen.storyboard */,
				67C63BD01D66FB8F001A53D4 /* Info.plist */,
				67C63BBF1D66FB8F001A53D4 /* Supporting Files */,
			);
			path = WeChatSightDemo;
			sourceTree = "<group>";
		};
		67C63BBF1D66FB8F001A53D4 /* Supporting Files */ = {
			isa = PBXGroup;
			children = (
				67C63BC01D66FB8F001A53D4 /* main.m */,
			);
			name = "Supporting Files";
			sourceTree = "<group>";
		};
		67C63BD81D66FB8F001A53D4 /* WeChatSightDemoTests */ = {
			isa = PBXGroup;
			children = (
				67C63BD91D66FB8F001A53D4 /* WeChatSightDemoTests.m */,
				67C63BDB1D66FB8F001A53D4 /* Info.plist */,
			);
			path = WeChatSightDemoTests;
			sourceTree = "<group>";
		};
		67C63BE31D66FB8F001A53D4 /* WeChatSightDemoUITests */ = {
			isa = PBXGroup;
			children = (
				67C63BE41D66FB8F001A53D4 /* WeChatSightDemoUITests.m */,
				67C63BE61D66FB8F001A53D4 /* Info.plist */,
			);
			path = WeChatSightDemoUITests;
			sourceTree = "<group>";
		};
/* End PBXGroup section */

/* Begin PBXNativeTarget section */
		67C63BBB1D66FB8E001A53D4 /* WeChatSightDemo */ = {
			isa = PBXNativeTarget;
			buildConfigurationList = 67C63BE91D66FB8F001A53D4 /* Build configuration list for PBXNativeTarget "WeChatSightDemo" */;
			buildPhases = (
				67C63BB81D66FB8E001A53D4 /* Sources */,
				67C63BB91D66FB8E001A53D4 /* Frameworks */,
				67C63BBA1D66FB8E001A53D4 /* Resources */,
			);
			buildRules = (
			);
			dependencies = (
			);
			name = WeChatSightDemo;
			productName = WeChatSightDemo;
			productReference = 67C63BBC1D66FB8E001A53D4 /* WeChatSightDemo.app */;
			productType = "com.apple.product-type.application";
		};
		67C63BD41D66FB8F001A53D4 /* WeChatSightDemoTests */ = {
			isa = PBXNativeTarget;
			buildConfigurationList = 67C63BEC1D66FB8F001A53D4 /* Build configuration list for PBXNativeTarget "WeChatSightDemoTests" */;
			buildPhases = (
				67C63BD11D66FB8F001A53D4 /* Sources */,
				67C63BD21D66FB8F001A53D4 /* Frameworks */,
				67C63BD31D66FB8F001A53D4 /* Resources */,
			);
			buildRules = (
			);
			dependencies = (
				67C63BD71D66FB8F001A53D4 /* PBXTargetDependency */,
			);
			name = WeChatSightDemoTests;
			productName = WeChatSightDemoTests;
			productReference = 67C63BD51D66FB8F001A53D4 /* WeChatSightDemoTests.xctest */;
			productType = "com.apple.product-type.bundle.unit-test";
		};
		67C63BDF1D66FB8F001A53D4 /* WeChatSightDemoUITests */ = {
			isa = PBXNativeTarget;
			buildConfigurationList = 67C63BEF1D66FB8F001A53D4 /* Build configuration list for PBXNativeTarget "WeChatSightDemoUITests" */;
			buildPhases = (
				67C63BDC1D66FB8F001A53D4 /* Sources */,
				67C63BDD1D66FB8F001A53D4 /* Frameworks */,
				67C63BDE1D66FB8F001A53D4 /* Resources */,
			);
			buildRules = (
			);
			dependencies = (
				67C63BE21D66FB8F001A53D4 /* PBXTargetDependency */,
			);
			name = WeChatSightDemoUITests;
			productName = WeChatSightDemoUITests;
			productReference = 67C63BE01D66FB8F001A53D4 /* WeChatSightDemoUITests.xctest */;
			productType = "com.apple.product-type.bundle.ui-testing";
		};
/* End PBXNativeTarget section */

/* Begin PBXProject section */
		67C63BB41D66FB8E001A53D4 /* Project object */ = {
			isa = PBXProject;
			attributes = {
				LastUpgradeCheck = 0730;
				ORGANIZATIONNAME = "吴珂";
				TargetAttributes = {
					67C63BBB1D66FB8E001A53D4 = {
						CreatedOnToolsVersion = 7.3;
					};
					67C63BD41D66FB8F001A53D4 = {
						CreatedOnToolsVersion = 7.3;
						TestTargetID = 67C63BBB1D66FB8E001A53D4;
					};
					67C63BDF1D66FB8F001A53D4 = {
						CreatedOnToolsVersion = 7.3;
						TestTargetID = 67C63BBB1D66FB8E001A53D4;
					};
				};
			};
			buildConfigurationList = 67C63BB71D66FB8E001A53D4 /* Build configuration list for PBXProject "WeChatSightDemo" */;
			compatibilityVersion = "Xcode 3.2";
			developmentRegion = English;
			hasScannedForEncodings = 0;
			knownRegions = (
				en,
				Base,
			);
			mainGroup = 67C63BB31D66FB8E001A53D4;
			productRefGroup = 67C63BBD1D66FB8E001A53D4 /* Products */;
			projectDirPath = "";
			projectRoot = "";
			targets = (
				67C63BBB1D66FB8E001A53D4 /* WeChatSightDemo */,
				67C63BD41D66FB8F001A53D4 /* WeChatSightDemoTests */,
				67C63BDF1D66FB8F001A53D4 /* WeChatSightDemoUITests */,
			);
		};
/* End PBXProject section */

/* Begin PBXResourcesBuildPhase section */
		67C63BBA1D66FB8E001A53D4 /* Resources */ = {
			isa = PBXResourcesBuildPhase;
			buildActionMask = 2147483647;
			files = (
				67C63BCF1D66FB8F001A53D4 /* LaunchScreen.storyboard in Resources */,
				67C63BCC1D66FB8F001A53D4 /* Assets.xcassets in Resources */,
				67C63BCA1D66FB8F001A53D4 /* Main.storyboard in Resources */,
			);
			runOnlyForDeploymentPostprocessing = 0;
		};
		67C63BD31D66FB8F001A53D4 /* Resources */ = {
			isa = PBXResourcesBuildPhase;
			buildActionMask = 2147483647;
			files = (
			);
			runOnlyForDeploymentPostprocessing = 0;
		};
		67C63BDE1D66FB8F001A53D4 /* Resources */ = {
			isa = PBXResourcesBuildPhase;
			buildActionMask = 2147483647;
			files = (
			);
			runOnlyForDeploymentPostprocessing = 0;
		};
/* End PBXResourcesBuildPhase section */

/* Begin PBXSourcesBuildPhase section */
		67C63BB81D66FB8E001A53D4 /* Sources */ = {
			isa = PBXSourcesBuildPhase;
			buildActionMask = 2147483647;
			files = (
				67C63BC71D66FB8F001A53D4 /* ViewController.m in Sources */,
				67C63BC41D66FB8F001A53D4 /* AppDelegate.m in Sources */,
				67C63BC11D66FB8F001A53D4 /* main.m in Sources */,
			);
			runOnlyForDeploymentPostprocessing = 0;
		};
		67C63BD11D66FB8F001A53D4 /* Sources */ = {
			isa = PBXSourcesBuildPhase;
			buildActionMask = 2147483647;
			files = (
				67C63BDA1D66FB8F001A53D4 /* WeChatSightDemoTests.m in Sources */,
			);
			runOnlyForDeploymentPostprocessing = 0;
		};
		67C63BDC1D66FB8F001A53D4 /* Sources */ = {
			isa = PBXSourcesBuildPhase;
			buildActionMask = 2147483647;
			files = (
				67C63BE51D66FB8F001A53D4 /* WeChatSightDemoUITests.m in Sources */,
			);
			runOnlyForDeploymentPostprocessing = 0;
		};
/* End PBXSourcesBuildPhase section */

/* Begin PBXTargetDependency section */
		67C63BD71D66FB8F001A53D4 /* PBXTargetDependency */ = {
			isa = PBXTargetDependency;
			target = 67C63BBB1D66FB8E001A53D4 /* WeChatSightDemo */;
			targetProxy = 67C63BD61D66FB8F001A53D4 /* PBXContainerItemProxy */;
		};
		67C63BE21D66FB8F001A53D4 /* PBXTargetDependency */ = {
			isa = PBXTargetDependency;
			target = 67C63BBB1D66FB8E001A53D4 /* WeChatSightDemo */;
			targetProxy = 67C63BE11D66FB8F001A53D4 /* PBXContainerItemProxy */;
		};
/* End PBXTargetDependency section */

/* Begin PBXVariantGroup section */
		67C63BC81D66FB8F001A53D4 /* Main.storyboard */ = {
			isa = PBXVariantGroup;
			children = (
				67C63BC91D66FB8F001A53D4 /* Base */,
			);
			name = Main.storyboard;
			sourceTree = "<group>";
		};
		67C63BCD1D66FB8F001A53D4 /* LaunchScreen.storyboard */ = {
			isa = PBXVariantGroup;
			children = (
				67C63BCE1D66FB8F001A53D4 /* Base */,
			);
			name = LaunchScreen.storyboard;
			sourceTree = "<group>";
		};
/* End PBXVariantGroup section */

/* Begin XCBuildConfiguration section */
		67C63BE71D66FB8F001A53D4 /* Debug */ = {
			isa = XCBuildConfiguration;
			buildSettings = {
				ALWAYS_SEARCH_USER_PATHS = NO;
				CLANG_ANALYZER_NONNULL = YES;
				CLANG_CXX_LANGUAGE_STANDARD = "gnu++0x";
				CLANG_CXX_LIBRARY = "libc++";
				CLANG_ENABLE_MODULES = YES;
				CLANG_ENABLE_OBJC_ARC = YES;
				CLANG_WARN_BOOL_CONVERSION = YES;
				CLANG_WARN_CONSTANT_CONVERSION = YES;
				CLANG_WARN_DIRECT_OBJC_ISA_USAGE = YES_ERROR;
				CLANG_WARN_EMPTY_BODY = YES;
				CLANG_WARN_ENUM_CONVERSION = YES;
				CLANG_WARN_INT_CONVERSION = YES;
				CLANG_WARN_OBJC_ROOT_CLASS = YES_ERROR;
				CLANG_WARN_UNREACHABLE_CODE = YES;
				CLANG_WARN__DUPLICATE_METHOD_MATCH = YES;
				"CODE_SIGN_IDENTITY[sdk=iphoneos*]" = "iPhone Developer";
				COPY_PHASE_STRIP = NO;
				DEBUG_INFORMATION_FORMAT = dwarf;
				ENABLE_STRICT_OBJC_MSGSEND = YES;
				ENABLE_TESTABILITY = YES;
				GCC_C_LANGUAGE_STANDARD = gnu99;
				GCC_DYNAMIC_NO_PIC = NO;
				GCC_NO_COMMON_BLOCKS = YES;
				GCC_OPTIMIZATION_LEVEL = 0;
				GCC_PREPROCESSOR_DEFINITIONS = (
					"DEBUG=1",
					"$(inherited)",
				);
				GCC_WARN_64_TO_32_BIT_CONVERSION = YES;
				GCC_WARN_ABOUT_RETURN_TYPE = YES_ERROR;
				GCC_WARN_UNDECLARED_SELECTOR = YES;
				GCC_WARN_UNINITIALIZED_AUTOS = YES_AGGRESSIVE;
				GCC_WARN_UNUSED_FUNCTION = YES;
				GCC_WARN_UNUSED_VARIABLE = YES;
				IPHONEOS_DEPLOYMENT_TARGET = 9.3;
				MTL_ENABLE_DEBUG_INFO = YES;
				ONLY_ACTIVE_ARCH = YES;
				SDKROOT = iphoneos;
				TARGETED_DEVICE_FAMILY = "1,2";
			};
			name = Debug;
		};
		67C63BE81D66FB8F001A53D4 /* Release */ = {
			isa = XCBuildConfiguration;
			buildSettings = {
				ALWAYS_SEARCH_USER_PATHS = NO;
				CLANG_ANALYZER_NONNULL = YES;
				CLANG_CXX_LANGUAGE_STANDARD = "gnu++0x";
				CLANG_CXX_LIBRARY = "libc++";
				CLANG_ENABLE_MODULES = YES;
				CLANG_ENABLE_OBJC_ARC = YES;
				CLANG_WARN_BOOL_CONVERSION = YES;
				CLANG_WARN_CONSTANT_CONVERSION = YES;
				CLANG_WARN_DIRECT_OBJC_ISA_USAGE = YES_ERROR;
				CLANG_WARN_EMPTY_BODY = YES;
				CLANG_WARN_ENUM_CONVERSION = YES;
				CLANG_WARN_INT_CONVERSION = YES;
				CLANG_WARN_OBJC_ROOT_CLASS = YES_ERROR;
				CLANG_WARN_UNREACHABLE_CODE = YES;
				CLANG_WARN__DUPLICATE_METHOD_MATCH = YES;
				"CODE_SIGN_IDENTITY[sdk=iphoneos*]" = "iPhone Developer";
				COPY_PHASE_STRIP = NO;
				DEBUG_INFORMATION_FORMAT = "dwarf-with-dsym";
				ENABLE_NS_ASSERTIONS = NO;
				ENABLE_STRICT_OBJC_MSGSEND = YES;
				GCC_C_LANGUAGE_STANDARD = gnu99;
				GCC_NO_COMMON_BLOCKS = YES;
				GCC_WARN_64_TO_32_BIT_CONVERSION = YES;
				GCC_WARN_ABOUT_RETURN_TYPE = YES_ERROR;
				GCC_WARN_UNDECLARED_SELECTOR = YES;
				GCC_WARN_UNINITIALIZED_AUTOS = YES_AGGRESSIVE;
				GCC_WARN_UNUSED_FUNCTION = YES;
				GCC_WARN_UNUSED_VARIABLE = YES;
				IPHONEOS_DEPLOYMENT_TARGET = 9.3;
				MTL_ENABLE_DEBUG_INFO = NO;
				SDKROOT = iphoneos;
				TARGETED_DEVICE_FAMILY = "1,2";
				VALIDATE_PRODUCT = YES;
			};
			name = Release;
		};
		67C63BEA1D66FB8F001A53D4 /* Debug */ = {
			isa = XCBuildConfiguration;
			buildSettings = {
				ASSETCATALOG_COMPILER_APPICON_NAME = AppIcon;
				INFOPLIST_FILE = WeChatSightDemo/Info.plist;
				LD_RUNPATH_SEARCH_PATHS = "$(inherited) @executable_path/Frameworks";
				PRODUCT_BUNDLE_IDENTIFIER = WuKong.WeChatSightDemo;
				PRODUCT_NAME = "$(TARGET_NAME)";
			};
			name = Debug;
		};
		67C63BEB1D66FB8F001A53D4 /* Release */ = {
			isa = XCBuildConfiguration;
			buildSettings = {
				ASSETCATALOG_COMPILER_APPICON_NAME = AppIcon;
				INFOPLIST_FILE = WeChatSightDemo/Info.plist;
				LD_RUNPATH_SEARCH_PATHS = "$(inherited) @executable_path/Frameworks";
				PRODUCT_BUNDLE_IDENTIFIER = WuKong.WeChatSightDemo;
				PRODUCT_NAME = "$(TARGET_NAME)";
			};
			name = Release;
		};
		67C63BED1D66FB8F001A53D4 /* Debug */ = {
			isa = XCBuildConfiguration;
			buildSettings = {
				BUNDLE_LOADER = "$(TEST_HOST)";
				INFOPLIST_FILE = WeChatSightDemoTests/Info.plist;
				LD_RUNPATH_SEARCH_PATHS = "$(inherited) @executable_path/Frameworks @loader_path/Frameworks";
				PRODUCT_BUNDLE_IDENTIFIER = WuKong.WeChatSightDemoTests;
				PRODUCT_NAME = "$(TARGET_NAME)";
				TEST_HOST = "$(BUILT_PRODUCTS_DIR)/WeChatSightDemo.app/WeChatSightDemo";
			};
			name = Debug;
		};
		67C63BEE1D66FB8F001A53D4 /* Release */ = {
			isa = XCBuildConfiguration;
			buildSettings = {
				BUNDLE_LOADER = "$(TEST_HOST)";
				INFOPLIST_FILE = WeChatSightDemoTests/Info.plist;
				LD_RUNPATH_SEARCH_PATHS = "$(inherited) @executable_path/Frameworks @loader_path/Frameworks";
				PRODUCT_BUNDLE_IDENTIFIER = WuKong.WeChatSightDemoTests;
				PRODUCT_NAME = "$(TARGET_NAME)";
				TEST_HOST = "$(BUILT_PRODUCTS_DIR)/WeChatSightDemo.app/WeChatSightDemo";
			};
			name = Release;
		};
		67C63BF01D66FB8F001A53D4 /* Debug */ = {
			isa = XCBuildConfiguration;
			buildSettings = {
				INFOPLIST_FILE = WeChatSightDemoUITests/Info.plist;
				LD_RUNPATH_SEARCH_PATHS = "$(inherited) @executable_path/Frameworks @loader_path/Frameworks";
				PRODUCT_BUNDLE_IDENTIFIER = WuKong.WeChatSightDemoUITests;
				PRODUCT_NAME = "$(TARGET_NAME)";
				TEST_TARGET_NAME = WeChatSightDemo;
			};
			name = Debug;
		};
		67C63BF11D66FB8F001A53D4 /* Release */ = {
			isa = XCBuildConfiguration;
			buildSettings = {
				INFOPLIST_FILE = WeChatSightDemoUITests/Info.plist;
				LD_RUNPATH_SEARCH_PATHS = "$(inherited) @executable_path/Frameworks @loader_path/Frameworks";
				PRODUCT_BUNDLE_IDENTIFIER = WuKong.WeChatSightDemoUITests;
				PRODUCT_NAME = "$(TARGET_NAME)";
				TEST_TARGET_NAME = WeChatSightDemo;
			};
			name = Release;
		};
/* End XCBuildConfiguration section */

/* Begin XCConfigurationList section */
		67C63BB71D66FB8E001A53D4 /* Build configuration list for PBXProject "WeChatSightDemo" */ = {
			isa = XCConfigurationList;
			buildConfigurations = (
				67C63BE71D66FB8F001A53D4 /* Debug */,
				67C63BE81D66FB8F001A53D4 /* Release */,
			);
			defaultConfigurationIsVisible = 0;
			defaultConfigurationName = Release;
		};
		67C63BE91D66FB8F001A53D4 /* Build configuration list for PBXNativeTarget "WeChatSightDemo" */ = {
			isa = XCConfigurationList;
			buildConfigurations = (
				67C63BEA1D66FB8F001A53D4 /* Debug */,
				67C63BEB1D66FB8F001A53D4 /* Release */,
			);
			defaultConfigurationIsVisible = 0;
		};
		67C63BEC1D66FB8F001A53D4 /* Build configuration list for PBXNativeTarget "WeChatSightDemoTests" */ = {
			isa = XCConfigurationList;
			buildConfigurations = (
				67C63BED1D66FB8F001A53D4 /* Debug */,
				67C63BEE1D66FB8F001A53D4 /* Release */,
			);
			defaultConfigurationIsVisible = 0;
		};
		67C63BEF1D66FB8F001A53D4 /* Build configuration list for PBXNativeTarget "WeChatSightDemoUITests" */ = {
			isa = XCConfigurationList;
			buildConfigurations = (
				67C63BF01D66FB8F001A53D4 /* Debug */,
				67C63BF11D66FB8F001A53D4 /* Release */,
			);
			defaultConfigurationIsVisible = 0;
		};
/* End XCConfigurationList section */
	};
	rootObject = 67C63BB41D66FB8E001A53D4 /* Project object */;
}
